
Microsoft Visual Studio Solution File, Format Version 12.00
# Visual Studio 15
VisualStudioVersion = 15.0.28307.106
MinimumVisualStudioVersion = 10.0.40219.1
Project("{FAE04EC0-301F-11D3-BF4B-00C04F79EFBC}") = "Class Car", "Class Car\Class Car.csproj", "{EA7CAD98-1CEE-43F5-9AF4-708B118AE493}"
EndProject
Global
	GlobalSection(SolutionConfigurationPlatforms) = preSolution
		Debug|Any CPU = Debug|Any CPU
		Release|Any CPU = Release|Any CPU
	EndGlobalSection
	GlobalSection(ProjectConfigurationPlatforms) = postSolution
		{EA7CAD98-1CEE-43F5-9AF4-708B118AE493}.Debug|Any CPU.ActiveCfg = Debug|Any CPU
		{EA7CAD98-1CEE-43F5-9AF4-708B118AE493}.Debug|Any CPU.Build.0 = Debug|Any CPU
		{EA7CAD98-1CEE-43F5-9AF4-708B118AE493}.Release|Any CPU.ActiveCfg = Release|Any CPU
		{EA7CAD98-1CEE-43F5-9AF4-708B118AE493}.Release|Any CPU.Build.0 = Release|Any CPU
	EndGlobalSection
	GlobalSection(SolutionProperties) = preSolution
		HideSolutionNode = FALSE
	EndGlobalSection
	GlobalSection(ExtensibilityGlobals) = postSolution
		SolutionGuid = {A24F93C8-61F5-4E29-BB65-2DC0F4D8CBE9}
	EndGlobalSection
EndGlobal
