
Microsoft Visual Studio Solution File, Format Version 12.00
# Visual Studio 15
VisualStudioVersion = 15.0.28307.106
MinimumVisualStudioVersion = 10.0.40219.1
Project("{FAE04EC0-301F-11D3-BF4B-00C04F79EFBC}") = "CSVUtil", "CSVUtil\CSVUtil.csproj", "{9B90A24D-E8B7-4332-A3A0-4903832FD088}"
EndProject
Global
	GlobalSection(SolutionConfigurationPlatforms) = preSolution
		Debug|Any CPU = Debug|Any CPU
		Release|Any CPU = Release|Any CPU
	EndGlobalSection
	GlobalSection(ProjectConfigurationPlatforms) = postSolution
		{9B90A24D-E8B7-4332-A3A0-4903832FD088}.Debug|Any CPU.ActiveCfg = Debug|Any CPU
		{9B90A24D-E8B7-4332-A3A0-4903832FD088}.Debug|Any CPU.Build.0 = Debug|Any CPU
		{9B90A24D-E8B7-4332-A3A0-4903832FD088}.Release|Any CPU.ActiveCfg = Release|Any CPU
		{9B90A24D-E8B7-4332-A3A0-4903832FD088}.Release|Any CPU.Build.0 = Release|Any CPU
	EndGlobalSection
	GlobalSection(SolutionProperties) = preSolution
		HideSolutionNode = FALSE
	EndGlobalSection
	GlobalSection(ExtensibilityGlobals) = postSolution
		SolutionGuid = {AD236781-D959-4ECE-B99D-F41081005EA0}
	EndGlobalSection
EndGlobal
